// !$*UTF8*$!
{
	archiveVersion = 1;
	classes = {
	};
	objectVersion = 46;
	objects = {

/* Begin PBXBuildFile section */
		FDF6E56D1A88AB3B00694DBD /* Foundation.framework in Frameworks */ = {isa = PBXBuildFile; fileRef = FDF6E56C1A88AB3B00694DBD /* Foundation.framework */; };
		FDF6E56F1A88AB3B00694DBD /* CoreGraphics.framework in Frameworks */ = {isa = PBXBuildFile; fileRef = FDF6E56E1A88AB3B00694DBD /* CoreGraphics.framework */; };
		FDF6E5711A88AB3B00694DBD /* UIKit.framework in Frameworks */ = {isa = PBXBuildFile; fileRef = FDF6E5701A88AB3B00694DBD /* UIKit.framework */; };
		FDF6E5771A88AB3B00694DBD /* InfoPlist.strings in Resources */ = {isa = PBXBuildFile; fileRef = FDF6E5751A88AB3B00694DBD /* InfoPlist.strings */; };
		FDF6E5791A88AB3B00694DBD /* main.m in Sources */ = {isa = PBXBuildFile; fileRef = FDF6E5781A88AB3B00694DBD /* main.m */; };
		FDF6E57D1A88AB3B00694DBD /* AppDelegate.m in Sources */ = {isa = PBXBuildFile; fileRef = FDF6E57C1A88AB3B00694DBD /* AppDelegate.m */; };
		FDF6E5831A88AB3B00694DBD /* ViewController.m in Sources */ = {isa = PBXBuildFile; fileRef = FDF6E5821A88AB3B00694DBD /* ViewController.m */; };
		FDF6E5851A88AB3B00694DBD /* Images.xcassets in Resources */ = {isa = PBXBuildFile; fileRef = FDF6E5841A88AB3B00694DBD /* Images.xcassets */; };
		FDF6E58C1A88AB3B00694DBD /* XCTest.framework in Frameworks */ = {isa = PBXBuildFile; fileRef = FDF6E58B1A88AB3B00694DBD /* XCTest.framework */; };
		FDF6E58D1A88AB3B00694DBD /* Foundation.framework in Frameworks */ = {isa = PBXBuildFile; fileRef = FDF6E56C1A88AB3B00694DBD /* Foundation.framework */; };
		FDF6E58E1A88AB3B00694DBD /* UIKit.framework in Frameworks */ = {isa = PBXBuildFile; fileRef = FDF6E5701A88AB3B00694DBD /* UIKit.framework */; };
		FDF6E5961A88AB3B00694DBD /* InfoPlist.strings in Resources */ = {isa = PBXBuildFile; fileRef = FDF6E5941A88AB3B00694DBD /* InfoPlist.strings */; };
		FDF6E5981A88AB3B00694DBD /* oDeskTestTests.m in Sources */ = {isa = PBXBuildFile; fileRef = FDF6E5971A88AB3B00694DBD /* oDeskTestTests.m */; };
		FDF6E5A21A88AB9700694DBD /* ViewController.xib in Resources */ = {isa = PBXBuildFile; fileRef = FDF6E5A11A88AB9700694DBD /* ViewController.xib */; };
		FDF6E5A61A88ADB800694DBD /* FacebookSDK.framework in Frameworks */ = {isa = PBXBuildFile; fileRef = FDF6E5A51A88ADB800694DBD /* FacebookSDK.framework */; };
		FDF6E5A81A88B1F000694DBD /* AddressBook.framework in Frameworks */ = {isa = PBXBuildFile; fileRef = FDF6E5A71A88B1F000694DBD /* AddressBook.framework */; };
/* End PBXBuildFile section */

/* Begin PBXContainerItemProxy section */
		FDF6E58F1A88AB3B00694DBD /* PBXContainerItemProxy */ = {
			isa = PBXContainerItemProxy;
			containerPortal = FDF6E5611A88AB3B00694DBD /* Project object */;
			proxyType = 1;
			remoteGlobalIDString = FDF6E5681A88AB3B00694DBD;
			remoteInfo = oDeskTest;
		};
/* End PBXContainerItemProxy section */

/* Begin PBXFileReference section */
		FDF6E5691A88AB3B00694DBD /* oDeskTest.app */ = {isa = PBXFileReference; explicitFileType = wrapper.application; includeInIndex = 0; path = oDeskTest.app; sourceTree = BUILT_PRODUCTS_DIR; };
		FDF6E56C1A88AB3B00694DBD /* Foundation.framework */ = {isa = PBXFileReference; lastKnownFileType = wrapper.framework; name = Foundation.framework; path = System/Library/Frameworks/Foundation.framework; sourceTree = SDKROOT; };
		FDF6E56E1A88AB3B00694DBD /* CoreGraphics.framework */ = {isa = PBXFileReference; lastKnownFileType = wrapper.framework; name = CoreGraphics.framework; path = System/Library/Frameworks/CoreGraphics.framework; sourceTree = SDKROOT; };
		FDF6E5701A88AB3B00694DBD /* UIKit.framework */ = {isa = PBXFileReference; lastKnownFileType = wrapper.framework; name = UIKit.framework; path = System/Library/Frameworks/UIKit.framework; sourceTree = SDKROOT; };
		FDF6E5741A88AB3B00694DBD /* oDeskTest-Info.plist */ = {isa = PBXFileReference; lastKnownFileType = text.plist.xml; path = "oDeskTest-Info.plist"; sourceTree = "<group>"; };
		FDF6E5761A88AB3B00694DBD /* en */ = {isa = PBXFileReference; lastKnownFileType = text.plist.strings; name = en; path = en.lproj/InfoPlist.strings; sourceTree = "<group>"; };
		FDF6E5781A88AB3B00694DBD /* main.m */ = {isa = PBXFileReference; lastKnownFileType = sourcecode.c.objc; path = main.m; sourceTree = "<group>"; };
		FDF6E57A1A88AB3B00694DBD /* oDeskTest-Prefix.pch */ = {isa = PBXFileReference; lastKnownFileType = sourcecode.c.h; path = "oDeskTest-Prefix.pch"; sourceTree = "<group>"; };
		FDF6E57B1A88AB3B00694DBD /* AppDelegate.h */ = {isa = PBXFileReference; lastKnownFileType = sourcecode.c.h; path = AppDelegate.h; sourceTree = "<group>"; };
		FDF6E57C1A88AB3B00694DBD /* AppDelegate.m */ = {isa = PBXFileReference; lastKnownFileType = sourcecode.c.objc; path = AppDelegate.m; sourceTree = "<group>"; };
		FDF6E5811A88AB3B00694DBD /* ViewController.h */ = {isa = PBXFileReference; lastKnownFileType = sourcecode.c.h; path = ViewController.h; sourceTree = "<group>"; };
		FDF6E5821A88AB3B00694DBD /* ViewController.m */ = {isa = PBXFileReference; lastKnownFileType = sourcecode.c.objc; path = ViewController.m; sourceTree = "<group>"; };
		FDF6E5841A88AB3B00694DBD /* Images.xcassets */ = {isa = PBXFileReference; lastKnownFileType = folder.assetcatalog; path = Images.xcassets; sourceTree = "<group>"; };
		FDF6E58A1A88AB3B00694DBD /* oDeskTestTests.xctest */ = {isa = PBXFileReference; explicitFileType = wrapper.cfbundle; includeInIndex = 0; path = oDeskTestTests.xctest; sourceTree = BUILT_PRODUCTS_DIR; };
		FDF6E58B1A88AB3B00694DBD /* XCTest.framework */ = {isa = PBXFileReference; lastKnownFileType = wrapper.framework; name = XCTest.framework; path = Library/Frameworks/XCTest.framework; sourceTree = DEVELOPER_DIR; };
		FDF6E5931A88AB3B00694DBD /* oDeskTestTests-Info.plist */ = {isa = PBXFileReference; lastKnownFileType = text.plist.xml; path = "oDeskTestTests-Info.plist"; sourceTree = "<group>"; };
		FDF6E5951A88AB3B00694DBD /* en */ = {isa = PBXFileReference; lastKnownFileType = text.plist.strings; name = en; path = en.lproj/InfoPlist.strings; sourceTree = "<group>"; };
		FDF6E5971A88AB3B00694DBD /* oDeskTestTests.m */ = {isa = PBXFileReference; lastKnownFileType = sourcecode.c.objc; path = oDeskTestTests.m; sourceTree = "<group>"; };
		FDF6E5A11A88AB9700694DBD /* ViewController.xib */ = {isa = PBXFileReference; fileEncoding = 4; lastKnownFileType = file.xib; path = ViewController.xib; sourceTree = "<group>"; };
		FDF6E5A51A88ADB800694DBD /* FacebookSDK.framework */ = {isa = PBXFileReference; lastKnownFileType = wrapper.framework; name = FacebookSDK.framework; path = ../../Documents/FacebookSDK/FacebookSDK.framework; sourceTree = "<group>"; };
		FDF6E5A71A88B1F000694DBD /* AddressBook.framework */ = {isa = PBXFileReference; lastKnownFileType = wrapper.framework; name = AddressBook.framework; path = System/Library/Frameworks/AddressBook.framework; sourceTree = SDKROOT; };
/* End PBXFileReference section */

/* Begin PBXFrameworksBuildPhase section */
		FDF6E5661A88AB3B00694DBD /* Frameworks */ = {
			isa = PBXFrameworksBuildPhase;
			buildActionMask = 2147483647;
			files = (
				FDF6E5A81A88B1F000694DBD /* AddressBook.framework in Frameworks */,
				FDF6E56F1A88AB3B00694DBD /* CoreGraphics.framework in Frameworks */,
				FDF6E5A61A88ADB800694DBD /* FacebookSDK.framework in Frameworks */,
				FDF6E5711A88AB3B00694DBD /* UIKit.framework in Frameworks */,
				FDF6E56D1A88AB3B00694DBD /* Foundation.framework in Frameworks */,
			);
			runOnlyForDeploymentPostprocessing = 0;
		};
		FDF6E5871A88AB3B00694DBD /* Frameworks */ = {
			isa = PBXFrameworksBuildPhase;
			buildActionMask = 2147483647;
			files = (
				FDF6E58C1A88AB3B00694DBD /* XCTest.framework in Frameworks */,
				FDF6E58E1A88AB3B00694DBD /* UIKit.framework in Frameworks */,
				FDF6E58D1A88AB3B00694DBD /* Foundation.framework in Frameworks */,
			);
			runOnlyForDeploymentPostprocessing = 0;
		};
/* End PBXFrameworksBuildPhase section */

/* Begin PBXGroup section */
		FDF6E5601A88AB3B00694DBD = {
			isa = PBXGroup;
			children = (
				FDF6E5721A88AB3B00694DBD /* oDeskTest */,
				FDF6E5911A88AB3B00694DBD /* oDeskTestTests */,
				FDF6E56B1A88AB3B00694DBD /* Frameworks */,
				FDF6E56A1A88AB3B00694DBD /* Products */,
			);
			sourceTree = "<group>";
		};
		FDF6E56A1A88AB3B00694DBD /* Products */ = {
			isa = PBXGroup;
			children = (
				FDF6E5691A88AB3B00694DBD /* oDeskTest.app */,
				FDF6E58A1A88AB3B00694DBD /* oDeskTestTests.xctest */,
			);
			name = Products;
			sourceTree = "<group>";
		};
		FDF6E56B1A88AB3B00694DBD /* Frameworks */ = {
			isa = PBXGroup;
			children = (
				FDF6E5A71A88B1F000694DBD /* AddressBook.framework */,
				FDF6E5A51A88ADB800694DBD /* FacebookSDK.framework */,
				FDF6E56C1A88AB3B00694DBD /* Foundation.framework */,
				FDF6E56E1A88AB3B00694DBD /* CoreGraphics.framework */,
				FDF6E5701A88AB3B00694DBD /* UIKit.framework */,
				FDF6E58B1A88AB3B00694DBD /* XCTest.framework */,
			);
			name = Frameworks;
			sourceTree = "<group>";
		};
		FDF6E5721A88AB3B00694DBD /* oDeskTest */ = {
			isa = PBXGroup;
			children = (
				FDF6E57B1A88AB3B00694DBD /* AppDelegate.h */,
				FDF6E57C1A88AB3B00694DBD /* AppDelegate.m */,
				FDF6E5811A88AB3B00694DBD /* ViewController.h */,
				FDF6E5821A88AB3B00694DBD /* ViewController.m */,
				FDF6E5A11A88AB9700694DBD /* ViewController.xib */,
				FDF6E5841A88AB3B00694DBD /* Images.xcassets */,
				FDF6E5731A88AB3B00694DBD /* Supporting Files */,
			);
			path = oDeskTest;
			sourceTree = "<group>";
		};
		FDF6E5731A88AB3B00694DBD /* Supporting Files */ = {
			isa = PBXGroup;
			children = (
				FDF6E5741A88AB3B00694DBD /* oDeskTest-Info.plist */,
				FDF6E5751A88AB3B00694DBD /* InfoPlist.strings */,
				FDF6E5781A88AB3B00694DBD /* main.m */,
				FDF6E57A1A88AB3B00694DBD /* oDeskTest-Prefix.pch */,
			);
			name = "Supporting Files";
			sourceTree = "<group>";
		};
		FDF6E5911A88AB3B00694DBD /* oDeskTestTests */ = {
			isa = PBXGroup;
			children = (
				FDF6E5971A88AB3B00694DBD /* oDeskTestTests.m */,
				FDF6E5921A88AB3B00694DBD /* Supporting Files */,
			);
			path = oDeskTestTests;
			sourceTree = "<group>";
		};
		FDF6E5921A88AB3B00694DBD /* Supporting Files */ = {
			isa = PBXGroup;
			children = (
				FDF6E5931A88AB3B00694DBD /* oDeskTestTests-Info.plist */,
				FDF6E5941A88AB3B00694DBD /* InfoPlist.strings */,
			);
			name = "Supporting Files";
			sourceTree = "<group>";
		};
/* End PBXGroup section */

/* Begin PBXNativeTarget section */
		FDF6E5681A88AB3B00694DBD /* oDeskTest */ = {
			isa = PBXNativeTarget;
			buildConfigurationList = FDF6E59B1A88AB3B00694DBD /* Build configuration list for PBXNativeTarget "oDeskTest" */;
			buildPhases = (
				FDF6E5651A88AB3B00694DBD /* Sources */,
				FDF6E5661A88AB3B00694DBD /* Frameworks */,
				FDF6E5671A88AB3B00694DBD /* Resources */,
			);
			buildRules = (
			);
			dependencies = (
			);
			name = oDeskTest;
			productName = oDeskTest;
			productReference = FDF6E5691A88AB3B00694DBD /* oDeskTest.app */;
			productType = "com.apple.product-type.application";
		};
		FDF6E5891A88AB3B00694DBD /* oDeskTestTests */ = {
			isa = PBXNativeTarget;
			buildConfigurationList = FDF6E59E1A88AB3B00694DBD /* Build configuration list for PBXNativeTarget "oDeskTestTests" */;
			buildPhases = (
				FDF6E5861A88AB3B00694DBD /* Sources */,
				FDF6E5871A88AB3B00694DBD /* Frameworks */,
				FDF6E5881A88AB3B00694DBD /* Resources */,
			);
			buildRules = (
			);
			dependencies = (
				FDF6E5901A88AB3B00694DBD /* PBXTargetDependency */,
			);
			name = oDeskTestTests;
			productName = oDeskTestTests;
			productReference = FDF6E58A1A88AB3B00694DBD /* oDeskTestTests.xctest */;
			productType = "com.apple.product-type.bundle.unit-test";
		};
/* End PBXNativeTarget section */

/* Begin PBXProject section */
		FDF6E5611A88AB3B00694DBD /* Project object */ = {
			isa = PBXProject;
			attributes = {
				LastUpgradeCheck = 0500;
				ORGANIZATIONNAME = "Tilal Husain";
				TargetAttributes = {
					FDF6E5891A88AB3B00694DBD = {
						TestTargetID = FDF6E5681A88AB3B00694DBD;
					};
				};
			};
			buildConfigurationList = FDF6E5641A88AB3B00694DBD /* Build configuration list for PBXProject "oDeskTest" */;
			compatibilityVersion = "Xcode 3.2";
			developmentRegion = English;
			hasScannedForEncodings = 0;
			knownRegions = (
				en,
				Base,
			);
			mainGroup = FDF6E5601A88AB3B00694DBD;
			productRefGroup = FDF6E56A1A88AB3B00694DBD /* Products */;
			projectDirPath = "";
			projectRoot = "";
			targets = (
				FDF6E5681A88AB3B00694DBD /* oDeskTest */,
				FDF6E5891A88AB3B00694DBD /* oDeskTestTests */,
			);
		};
/* End PBXProject section */

/* Begin PBXResourcesBuildPhase section */
		FDF6E5671A88AB3B00694DBD /* Resources */ = {
			isa = PBXResourcesBuildPhase;
			buildActionMask = 2147483647;
			files = (
				FDF6E5851A88AB3B00694DBD /* Images.xcassets in Resources */,
				FDF6E5A21A88AB9700694DBD /* ViewController.xib in Resources */,
				FDF6E5771A88AB3B00694DBD /* InfoPlist.strings in Resources */,
			);
			runOnlyForDeploymentPostprocessing = 0;
		};
		FDF6E5881A88AB3B00694DBD /* Resources */ = {
			isa = PBXResourcesBuildPhase;
			buildActionMask = 2147483647;
			files = (
				FDF6E5961A88AB3B00694DBD /* InfoPlist.strings in Resources */,
			);
			runOnlyForDeploymentPostprocessing = 0;
		};
/* End PBXResourcesBuildPhase section */

/* Begin PBXSourcesBuildPhase section */
		FDF6E5651A88AB3B00694DBD /* Sources */ = {
			isa = PBXSourcesBuildPhase;
			buildActionMask = 2147483647;
			files = (
				FDF6E5831A88AB3B00694DBD /* ViewController.m in Sources */,
				FDF6E57D1A88AB3B00694DBD /* AppDelegate.m in Sources */,
				FDF6E5791A88AB3B00694DBD /* main.m in Sources */,
			);
			runOnlyForDeploymentPostprocessing = 0;
		};
		FDF6E5861A88AB3B00694DBD /* Sources */ = {
			isa = PBXSourcesBuildPhase;
			buildActionMask = 2147483647;
			files = (
				FDF6E5981A88AB3B00694DBD /* oDeskTestTests.m in Sources */,
			);
			runOnlyForDeploymentPostprocessing = 0;
		};
/* End PBXSourcesBuildPhase section */

/* Begin PBXTargetDependency section */
		FDF6E5901A88AB3B00694DBD /* PBXTargetDependency */ = {
			isa = PBXTargetDependency;
			target = FDF6E5681A88AB3B00694DBD /* oDeskTest */;
			targetProxy = FDF6E58F1A88AB3B00694DBD /* PBXContainerItemProxy */;
		};
/* End PBXTargetDependency section */

/* Begin PBXVariantGroup section */
		FDF6E5751A88AB3B00694DBD /* InfoPlist.strings */ = {
			isa = PBXVariantGroup;
			children = (
				FDF6E5761A88AB3B00694DBD /* en */,
			);
			name = InfoPlist.strings;
			sourceTree = "<group>";
		};
		FDF6E5941A88AB3B00694DBD /* InfoPlist.strings */ = {
			isa = PBXVariantGroup;
			children = (
				FDF6E5951A88AB3B00694DBD /* en */,
			);
			name = InfoPlist.strings;
			sourceTree = "<group>";
		};
/* End PBXVariantGroup section */

/* Begin XCBuildConfiguration section */
		FDF6E5991A88AB3B00694DBD /* Debug */ = {
			isa = XCBuildConfiguration;
			buildSettings = {
				ALWAYS_SEARCH_USER_PATHS = NO;
				ARCHS = "$(ARCHS_STANDARD_INCLUDING_64_BIT)";
				CLANG_CXX_LANGUAGE_STANDARD = "gnu++0x";
				CLANG_CXX_LIBRARY = "libc++";
				CLANG_ENABLE_MODULES = YES;
				CLANG_ENABLE_OBJC_ARC = YES;
				CLANG_WARN_BOOL_CONVERSION = YES;
				CLANG_WARN_CONSTANT_CONVERSION = YES;
				CLANG_WARN_DIRECT_OBJC_ISA_USAGE = YES_ERROR;
				CLANG_WARN_EMPTY_BODY = YES;
				CLANG_WARN_ENUM_CONVERSION = YES;
				CLANG_WARN_INT_CONVERSION = YES;
				CLANG_WARN_OBJC_ROOT_CLASS = YES_ERROR;
				CLANG_WARN__DUPLICATE_METHOD_MATCH = YES;
				"CODE_SIGN_IDENTITY[sdk=iphoneos*]" = "iPhone Developer";
				COPY_PHASE_STRIP = NO;
				GCC_C_LANGUAGE_STANDARD = gnu99;
				GCC_DYNAMIC_NO_PIC = NO;
				GCC_OPTIMIZATION_LEVEL = 0;
				GCC_PREPROCESSOR_DEFINITIONS = (
					"DEBUG=1",
					"$(inherited)",
				);
				GCC_SYMBOLS_PRIVATE_EXTERN = NO;
				GCC_WARN_64_TO_32_BIT_CONVERSION = YES;
				GCC_WARN_ABOUT_RETURN_TYPE = YES_ERROR;
				GCC_WARN_UNDECLARED_SELECTOR = YES;
				GCC_WARN_UNINITIALIZED_AUTOS = YES;
				GCC_WARN_UNUSED_FUNCTION = YES;
				GCC_WARN_UNUSED_VARIABLE = YES;
				IPHONEOS_DEPLOYMENT_TARGET = 7.0;
				ONLY_ACTIVE_ARCH = YES;
				SDKROOT = iphoneos;
			};
			name = Debug;
		};
		FDF6E59A1A88AB3B00694DBD /* Release */ = {
			isa = XCBuildConfiguration;
			buildSettings = {
				ALWAYS_SEARCH_USER_PATHS = NO;
				ARCHS = "$(ARCHS_STANDARD_INCLUDING_64_BIT)";
				CLANG_CXX_LANGUAGE_STANDARD = "gnu++0x";
				CLANG_CXX_LIBRARY = "libc++";
				CLANG_ENABLE_MODULES = YES;
				CLANG_ENABLE_OBJC_ARC = YES;
				CLANG_WARN_BOOL_CONVERSION = YES;
				CLANG_WARN_CONSTANT_CONVERSION = YES;
				CLANG_WARN_DIRECT_OBJC_ISA_USAGE = YES_ERROR;
				CLANG_WARN_EMPTY_BODY = YES;
				CLANG_WARN_ENUM_CONVERSION = YES;
				CLANG_WARN_INT_CONVERSION = YES;
				CLANG_WARN_OBJC_ROOT_CLASS = YES_ERROR;
				CLANG_WARN__DUPLICATE_METHOD_MATCH = YES;
				"CODE_SIGN_IDENTITY[sdk=iphoneos*]" = "iPhone Developer";
				COPY_PHASE_STRIP = YES;
				ENABLE_NS_ASSERTIONS = NO;
				GCC_C_LANGUAGE_STANDARD = gnu99;
				GCC_WARN_64_TO_32_BIT_CONVERSION = YES;
				GCC_WARN_ABOUT_RETURN_TYPE = YES_ERROR;
				GCC_WARN_UNDECLARED_SELECTOR = YES;
				GCC_WARN_UNINITIALIZED_AUTOS = YES;
				GCC_WARN_UNUSED_FUNCTION = YES;
				GCC_WARN_UNUSED_VARIABLE = YES;
				IPHONEOS_DEPLOYMENT_TARGET = 7.0;
				SDKROOT = iphoneos;
				VALIDATE_PRODUCT = YES;
			};
			name = Release;
		};
		FDF6E59C1A88AB3B00694DBD /* Debug */ = {
			isa = XCBuildConfiguration;
			buildSettings = {
				ASSETCATALOG_COMPILER_APPICON_NAME = AppIcon;
				ASSETCATALOG_COMPILER_LAUNCHIMAGE_NAME = LaunchImage;
				FRAMEWORK_SEARCH_PATHS = (
					"$(inherited)",
					/Users/billaustad/Documents/FacebookSDK,
				);
				GCC_PRECOMPILE_PREFIX_HEADER = YES;
				GCC_PREFIX_HEADER = "oDeskTest/oDeskTest-Prefix.pch";
				INFOPLIST_FILE = "oDeskTest/oDeskTest-Info.plist";
				OTHER_LDFLAGS = (
					"-ObjC",
					"-all_load",
				);
				PRODUCT_NAME = "$(TARGET_NAME)";
				WRAPPER_EXTENSION = app;
			};
			name = Debug;
		};
		FDF6E59D1A88AB3B00694DBD /* Release */ = {
			isa = XCBuildConfiguration;
			buildSettings = {
				ASSETCATALOG_COMPILER_APPICON_NAME = AppIcon;
				ASSETCATALOG_COMPILER_LAUNCHIMAGE_NAME = LaunchImage;
				FRAMEWORK_SEARCH_PATHS = (
					"$(inherited)",
					/Users/billaustad/Documents/FacebookSDK,
				);
				GCC_PRECOMPILE_PREFIX_HEADER = YES;
				GCC_PREFIX_HEADER = "oDeskTest/oDeskTest-Prefix.pch";
				INFOPLIST_FILE = "oDeskTest/oDeskTest-Info.plist";
				OTHER_LDFLAGS = (
					"-ObjC",
					"-all_load",
				);
				PRODUCT_NAME = "$(TARGET_NAME)";
				WRAPPER_EXTENSION = app;
			};
			name = Release;
		};
		FDF6E59F1A88AB3B00694DBD /* Debug */ = {
			isa = XCBuildConfiguration;
			buildSettings = {
				ARCHS = "$(ARCHS_STANDARD_INCLUDING_64_BIT)";
				BUNDLE_LOADER = "$(BUILT_PRODUCTS_DIR)/oDeskTest.app/oDeskTest";
				FRAMEWORK_SEARCH_PATHS = (
					"$(SDKROOT)/Developer/Library/Frameworks",
					"$(inherited)",
					"$(DEVELOPER_FRAMEWORKS_DIR)",
				);
				GCC_PRECOMPILE_PREFIX_HEADER = YES;
				GCC_PREFIX_HEADER = "oDeskTest/oDeskTest-Prefix.pch";
				GCC_PREPROCESSOR_DEFINITIONS = (
					"DEBUG=1",
					"$(inherited)",
				);
				INFOPLIST_FILE = "oDeskTestTests/oDeskTestTests-Info.plist";
				PRODUCT_NAME = "$(TARGET_NAME)";
				TEST_HOST = "$(BUNDLE_LOADER)";
				WRAPPER_EXTENSION = xctest;
			};
			name = Debug;
		};
		FDF6E5A01A88AB3B00694DBD /* Release */ = {
			isa = XCBuildConfiguration;
			buildSettings = {
				ARCHS = "$(ARCHS_STANDARD_INCLUDING_64_BIT)";
				BUNDLE_LOADER = "$(BUILT_PRODUCTS_DIR)/oDeskTest.app/oDeskTest";
				FRAMEWORK_SEARCH_PATHS = (
					"$(SDKROOT)/Developer/Library/Frameworks",
					"$(inherited)",
					"$(DEVELOPER_FRAMEWORKS_DIR)",
				);
				GCC_PRECOMPILE_PREFIX_HEADER = YES;
				GCC_PREFIX_HEADER = "oDeskTest/oDeskTest-Prefix.pch";
				INFOPLIST_FILE = "oDeskTestTests/oDeskTestTests-Info.plist";
				PRODUCT_NAME = "$(TARGET_NAME)";
				TEST_HOST = "$(BUNDLE_LOADER)";
				WRAPPER_EXTENSION = xctest;
			};
			name = Release;
		};
/* End XCBuildConfiguration section */

/* Begin XCConfigurationList section */
		FDF6E5641A88AB3B00694DBD /* Build configuration list for PBXProject "oDeskTest" */ = {
			isa = XCConfigurationList;
			buildConfigurations = (
				FDF6E5991A88AB3B00694DBD /* Debug */,
				FDF6E59A1A88AB3B00694DBD /* Release */,
			);
			defaultConfigurationIsVisible = 0;
			defaultConfigurationName = Release;
		};
		FDF6E59B1A88AB3B00694DBD /* Build configuration list for PBXNativeTarget "oDeskTest" */ = {
			isa = XCConfigurationList;
			buildConfigurations = (
				FDF6E59C1A88AB3B00694DBD /* Debug */,
				FDF6E59D1A88AB3B00694DBD /* Release */,
			);
			defaultConfigurationIsVisible = 0;
		};
		FDF6E59E1A88AB3B00694DBD /* Build configuration list for PBXNativeTarget "oDeskTestTests" */ = {
			isa = XCConfigurationList;
			buildConfigurations = (
				FDF6E59F1A88AB3B00694DBD /* Debug */,
				FDF6E5A01A88AB3B00694DBD /* Release */,
			);
			defaultConfigurationIsVisible = 0;
		};
/* End XCConfigurationList section */
	};
	rootObject = FDF6E5611A88AB3B00694DBD /* Project object */;
}
